<?xml version="1.0" encoding="utf-8"?>
<Project ToolsVersion="4.0" xmlns="http://schemas.microsoft.com/developer/msbuild/2003">
  <ItemGroup>
    <Filter Include="Source Files">
      <UniqueIdentifier>{4FC737F1-C7A5-4376-A066-2A32D752A2FF}</UniqueIdentifier>
      <Extensions>cpp;c;cc;cxx;c++;cppm;ixx;def;odl;idl;hpj;bat;asm;asmx</Extensions>
    </Filter>
    <Filter Include="Header Files">
      <UniqueIdentifier>{93995380-89BD-4b04-88EB-625FBE52EBFB}</UniqueIdentifier>
      <Extensions>h;hh;hpp;hxx;h++;hm;inl;inc;ipp;xsd</Extensions>
    </Filter>
    <Filter Include="Resource Files">
      <UniqueIdentifier>{67DA6AB6-F800-4c08-8B7A-83BB121AAD01}</UniqueIdentifier>
      <Extensions>rc;ico;cur;bmp;dlg;rc2;rct;bin;rgs;gif;jpg;jpeg;jpe;resx;tiff;tif;png;wav;mfcribbon-ms</Extensions>
    </Filter>
  </ItemGroup>
  <ItemGroup>
    <ClInclude Include="framework.h">
      <Filter>Header Files</Filter>
    </ClInclude>
    <ClInclude Include="pch.h">
      <Filter>Header Files</Filter>
    </ClInclude>
    <ClInclude Include="entry.h">
      <Filter>Header Files</Filter>
    </ClInclude>
    <ClInclude Include="logging.h">
      <Filter>Header Files</Filter>
    </ClInclude>
    <ClInclude Include="jump_hook.h">
      <Filter>Header Files</Filter>
    </ClInclude>
    <ClInclude Include="Hooks\goods_use_hook.h">
      <Filter>Header Files</Filter>
    </ClInclude>
    <ClInclude Include="vendor\lua\lauxlib.h">
      <Filter>Header Files</Filter>
    </ClInclude>
    <ClInclude Include="vendor\lua\lua.h">
      <Filter>Header Files</Filter>
    </ClInclude>
    <ClInclude Include="vendor\lua\lua.hpp">
      <Filter>Header Files</Filter>
    </ClInclude>
    <ClInclude Include="vendor\lua\luaconf.h">
      <Filter>Header Files</Filter>
    </ClInclude>
    <ClInclude Include="vendor\lua\lualib.h">
      <Filter>Header Files</Filter>
    </ClInclude>
    <ClInclude Include="script_repository.h">
      <Filter>Header Files</Filter>
    </ClInclude>
    <ClInclude Include="script_runtime.h">
      <Filter>Header Files</Filter>
    </ClInclude>
    <ClInclude Include="Hooks\hkb_animation_hook.h">
      <Filter>Header Files</Filter>
    </ClInclude>
    <ClInclude Include="Hooks\game_frame_hook.h">
      <Filter>Header Files</Filter>
    </ClInclude>
    <ClInclude Include="vendor\DInput8\DInput8Proxy.h">
      <Filter>Header Files</Filter>
    </ClInclude>
    <ClInclude Include="LuaEvents\OnParamLoaded.h">
      <Filter>Header Files</Filter>
    </ClInclude>
    <ClInclude Include="LuaEvents\OnGameFrame.h">
      <Filter>Header Files</Filter>
    </ClInclude>
    <ClInclude Include="LuaEvents\OnHkbAnimation.h">
      <Filter>Header Files</Filter>
    </ClInclude>
    <ClInclude Include="GameObjects\player_ins.h">
      <Filter>Header Files</Filter>
    </ClInclude>
    <ClInclude Include="memory_util.h">
      <Filter>Header Files</Filter>
    </ClInclude>
    <ClInclude Include="Amir\ds3runtime.h">
      <Filter>Header Files</Filter>
    </ClInclude>
    <ClInclude Include="databaseaddress.h">
      <Filter>Header Files</Filter>
    </ClInclude>
    <ClInclude Include="Amir\async_module.h">
      <Filter>Header Files</Filter>
    </ClInclude>
    <ClInclude Include="Amir\script_module.h">
      <Filter>Header Files</Filter>
    </ClInclude>
    <ClInclude Include="GameObjects\chr_ins.h">
      <Filter>Header Files</Filter>
    </ClInclude>
    <ClInclude Include="vendor\Sol2\config.hpp">
      <Filter>Header Files</Filter>
    </ClInclude>
    <ClInclude Include="vendor\Sol2\sol.hpp">
      <Filter>Header Files</Filter>
    </ClInclude>
    <ClInclude Include="vendor\Sol2\forward.hpp">
      <Filter>Header Files</Filter>
    </ClInclude>
    <ClInclude Include="GameObjects\equip_game_data.h">
      <Filter>Header Files</Filter>
    </ClInclude>
    <ClInclude Include="GameObjects\equip_inventory_data.h">
      <Filter>Header Files</Filter>
    </ClInclude>
    <ClInclude Include="GameObjects\player_game_data.h">
      <Filter>Header Files</Filter>
    </ClInclude>
    <ClInclude Include="GameDebugClasses\game_data_man.h">
      <Filter>Header Files</Filter>
    </ClInclude>
    <ClInclude Include="GameDebugClasses\world_chr_man.h">
      <Filter>Header Files</Filter>
    </ClInclude>
    <ClInclude Include="GameDebugClasses\game_option_man.h">
      <Filter>Header Files</Filter>
    </ClInclude>
    <ClInclude Include="Amir\game_packet.h">
      <Filter>Header Files</Filter>
    </ClInclude>
    <ClInclude Include="Hooks\session_send_hook.h">
      <Filter>Header Files</Filter>
    </ClInclude>
    <ClInclude Include="Amir\player_network_session.h">
      <Filter>Header Files</Filter>
    </ClInclude>
    <ClInclude Include="Amir\standard_player_boss.h">
      <Filter>Header Files</Filter>
    </ClInclude>
    <ClInclude Include="Hooks\has_speffect_hook.h">
      <Filter>Header Files</Filter>
    </ClInclude>
    <ClInclude Include="LuaEvents\OnSpeffectActive.h">
      <Filter>Header Files</Filter>
    </ClInclude>
    <ClInclude Include="LeCG\ParamPatcher.h">
      <Filter>Header Files</Filter>
    </ClInclude>
    <ClInclude Include="GameObjects\sprj_chr_data_module.h">
      <Filter>Header Files</Filter>
    </ClInclude>
    <ClInclude Include="Hooks\jumptable_hook.h">
      <Filter>Header Files</Filter>
    </ClInclude>
    <ClInclude Include="Hooks\hksgetter_hook.h">
      <Filter>Header Files</Filter>
    </ClInclude>
    <ClInclude Include="Hooks\hksActSetter_hook.h">
      <Filter>Header Files</Filter>
    </ClInclude>
    <ClInclude Include="GameDebugClasses\Bullet_Spawn.h">
      <Filter>Header Files</Filter>
    </ClInclude>
  </ItemGroup>
  <ItemGroup>
    <ClCompile Include="pch.cpp">
      <Filter>Source Files</Filter>
    </ClCompile>
    <ClCompile Include="entry.cpp">
      <Filter>Source Files</Filter>
    </ClCompile>
    <ClCompile Include="logging.cpp">
      <Filter>Source Files</Filter>
    </ClCompile>
    <ClCompile Include="jump_hook.cpp">
      <Filter>Source Files</Filter>
    </ClCompile>
    <ClCompile Include="Hooks\goods_use_hook.cpp">
      <Filter>Source Files</Filter>
    </ClCompile>
    <ClCompile Include="script_repository.cpp">
      <Filter>Source Files</Filter>
    </ClCompile>
    <ClCompile Include="script_runtime.cpp">
      <Filter>Source Files</Filter>
    </ClCompile>
    <ClCompile Include="Hooks\hkb_animation_hook.cpp">
      <Filter>Source Files</Filter>
    </ClCompile>
    <ClCompile Include="Hooks\game_frame_hook.cpp">
      <Filter>Source Files</Filter>
    </ClCompile>
    <ClCompile Include="LuaEvents\OnParamLoaded.cpp">
      <Filter>Source Files</Filter>
    </ClCompile>
    <ClCompile Include="LuaEvents\OnGameFrame.cpp">
      <Filter>Source Files</Filter>
    </ClCompile>
    <ClCompile Include="LuaEvents\OnHkbAnimation.cpp">
      <Filter>Source Files</Filter>
    </ClCompile>
    <ClCompile Include="GameObjects\player_ins.cpp">
      <Filter>Source Files</Filter>
    </ClCompile>
    <ClCompile Include="Amir\ds3runtime.cpp">
      <Filter>Source Files</Filter>
    </ClCompile>
    <ClCompile Include="databaseaddress.cpp">
      <Filter>Source Files</Filter>
    </ClCompile>
    <ClCompile Include="Amir\async_module.cpp">
      <Filter>Source Files</Filter>
    </ClCompile>
    <ClCompile Include="Amir\script_module.cpp">
      <Filter>Source Files</Filter>
    </ClCompile>
    <ClCompile Include="GameObjects\chr_ins.cpp">
      <Filter>Source Files</Filter>
    </ClCompile>
    <ClCompile Include="GameObjects\equip_game_data.cpp">
      <Filter>Source Files</Filter>
    </ClCompile>
    <ClCompile Include="GameObjects\equip_inventory_data.cpp">
      <Filter>Source Files</Filter>
    </ClCompile>
    <ClCompile Include="GameObjects\player_game_data.cpp">
      <Filter>Source Files</Filter>
    </ClCompile>
    <ClCompile Include="GameDebugClasses\game_data_man.cpp">
      <Filter>Source Files</Filter>
    </ClCompile>
    <ClCompile Include="GameDebugClasses\game_option_man.cpp">
      <Filter>Source Files</Filter>
    </ClCompile>
    <ClCompile Include="GameDebugClasses\world_chr_man.cpp">
      <Filter>Source Files</Filter>
    </ClCompile>
    <ClCompile Include="Amir\game_packet.cpp">
      <Filter>Source Files</Filter>
    </ClCompile>
    <ClCompile Include="Hooks\session_send_hook.cpp">
      <Filter>Source Files</Filter>
    </ClCompile>
    <ClCompile Include="Amir\player_network_session.cpp">
      <Filter>Source Files</Filter>
    </ClCompile>
    <ClCompile Include="Amir\standard_player_boss.cpp">
      <Filter>Source Files</Filter>
    </ClCompile>
    <ClCompile Include="Hooks\has_speffect_hook.cpp">
      <Filter>Source Files</Filter>
    </ClCompile>
    <ClCompile Include="LuaEvents\OnSpeffectActive.cpp">
      <Filter>Source Files</Filter>
    </ClCompile>
    <ClCompile Include="LeCG\ParamPatcher.cpp">
      <Filter>Source Files</Filter>
    </ClCompile>
    <ClCompile Include="GameObjects\sprj_chr_data_module.cpp">
      <Filter>Source Files</Filter>
    </ClCompile>
    <ClCompile Include="Hooks\jumptable_hook.cpp">
      <Filter>Source Files</Filter>
    </ClCompile>
    <ClCompile Include="Hooks\hksgetter_hook.cpp">
      <Filter>Source Files</Filter>
    </ClCompile>
    <ClCompile Include="Hooks\hksActSetter_hook.cpp">
      <Filter>Source Files</Filter>
    </ClCompile>
    <ClCompile Include="GameDebugClasses\Bullet_Spawn.cpp">
      <Filter>Source Files</Filter>
    </ClCompile>
  </ItemGroup>
  <ItemGroup>
    <Library Include="liblua54.a" />
  </ItemGroup>
  <ItemGroup>
    <None Include="DInput.def">
      <Filter>Source Files</Filter>
    </None>
  </ItemGroup>
</Project>